<?xml version="1.0" encoding="utf-8"?>
<Project ToolsVersion="4.0" xmlns="http://schemas.microsoft.com/developer/msbuild/2003">
  <ItemGroup>
    <Filter Include="1.creational">
      <UniqueIdentifier>{cc94829f-1096-4415-b5d7-fae80374183a}</UniqueIdentifier>
    </Filter>
    <Filter Include="2.structural">
      <UniqueIdentifier>{fa3401c8-e095-4b5c-8372-1c47fa8129ec}</UniqueIdentifier>
    </Filter>
  </ItemGroup>
  <ItemGroup>
    <ClCompile Include="1.factory_method.cpp">
      <Filter>1.creational</Filter>
    </ClCompile>
    <ClCompile Include="2.abstract_factory.cpp">
      <Filter>1.creational</Filter>
    </ClCompile>
    <ClCompile Include="main.cpp" />
    <ClCompile Include="3.builder.cpp">
      <Filter>1.creational</Filter>
    </ClCompile>
    <ClCompile Include="4.prototype.cpp">
      <Filter>1.creational</Filter>
    </ClCompile>
    <ClCompile Include="5.singleton.cpp">
      <Filter>1.creational</Filter>
    </ClCompile>
    <ClCompile Include="1.adapter.cpp">
      <Filter>2.structural</Filter>
    </ClCompile>
    <ClCompile Include="2.bridge.cpp">
      <Filter>2.structural</Filter>
    </ClCompile>
  </ItemGroup>
  <ItemGroup>
    <ClInclude Include="2.abstract_factory.h">
      <Filter>1.creational</Filter>
    </ClInclude>
    <ClInclude Include="1.factory_method.h">
      <Filter>1.creational</Filter>
    </ClInclude>
    <ClInclude Include="example.h" />
    <ClInclude Include="3.builder.h">
      <Filter>1.creational</Filter>
    </ClInclude>
    <ClInclude Include="4.prototype.h">
      <Filter>1.creational</Filter>
    </ClInclude>
    <ClInclude Include="5.singleton.h">
      <Filter>1.creational</Filter>
    </ClInclude>
    <ClInclude Include="1.adapter.h">
      <Filter>2.structural</Filter>
    </ClInclude>
    <ClInclude Include="2.bridge.h">
      <Filter>2.structural</Filter>
    </ClInclude>
  </ItemGroup>
</Project>